
Microsoft Visual Studio Solution File, Format Version 12.00
# Visual Studio Version 17
VisualStudioVersion = 17.0.31903.59
MinimumVisualStudioVersion = 10.0.40219.1
Project("{FAE04EC0-301F-11D3-BF4B-00C04F79EFBC}") = "EZUtils.PackageManager", "..\EZUtils.PackageManager\EZUtils.PackageManager.csproj", "{541088E4-5162-43B7-8780-372364DA04A5}"
EndProject
Project("{FAE04EC0-301F-11D3-BF4B-00C04F79EFBC}") = "EZUtils.RepackPrefab", "..\EZUtils.RepackPrefab\EZUtils.RepackPrefab.csproj", "{CF10D493-A573-4C2A-BAFB-FEDB80E2FE23}"
EndProject
Project("{FAE04EC0-301F-11D3-BF4B-00C04F79EFBC}") = "EZUtils.RepackPrefab.Tests", "..\EZUtils.RepackPrefab.Tests\EZUtils.RepackPrefab.Tests.csproj", "{9598EEF7-E8B8-4850-8E02-791BAA2AB72D}"
EndProject
Project("{FAE04EC0-301F-11D3-BF4B-00C04F79EFBC}") = "EZUtils.MMDAvatarTools", "..\EZUtils.MMDAvatarTools\EZUtils.MMDAvatarTools.csproj", "{3F664C1D-3AE2-49B9-B392-940507DA7C56}"
EndProject
Project("{FAE04EC0-301F-11D3-BF4B-00C04F79EFBC}") = "EZUtils.WindowCloser", "..\EZUtils.WindowCloser\EZUtils.WindowCloser.csproj", "{F659C7FD-F6F3-40A5-A779-7E5A8B855F91}"
EndProject
Project("{FAE04EC0-301F-11D3-BF4B-00C04F79EFBC}") = "EZUtils.MMDAvatarTools.Tests", "..\EZUtils.MMDAvatarTools.Tests\EZUtils.MMDAvatarTools.Tests.csproj", "{15109EF4-C39F-41F9-95C3-2072C4A4AD1D}"
EndProject
Project("{FAE04EC0-301F-11D3-BF4B-00C04F79EFBC}") = "EZUtils.Common", "..\EZUtils.Common\EZUtils.Common.csproj", "{49DEEFC1-AF56-4497-86E1-83C5797C1160}"
EndProject
Project("{FAE04EC0-301F-11D3-BF4B-00C04F79EFBC}") = "EZUtils.Localization", "..\EZUtils.Localization\EZUtils.Localization.csproj", "{665EBCEB-5FD9-492F-B27D-8FCC579E2AF9}"
EndProject
Project("{FAE04EC0-301F-11D3-BF4B-00C04F79EFBC}") = "EZUtils.EditorEnhancements", "..\EZUtils.EditorEnhancements\EZUtils.EditorEnhancements.csproj", "{BCA4CFCA-6BF7-4A3D-AF4A-00B9C9C413D3}"
EndProject
Project("{FAE04EC0-301F-11D3-BF4B-00C04F79EFBC}") = "EZUtils.Localization.Tests", "..\EZUtils.Localization.Tests\EZUtils.Localization.Tests.csproj", "{E2A8B6D1-8B1C-47EA-B75A-87B6F241E332}"
EndProject
Project("{FAE04EC0-301F-11D3-BF4B-00C04F79EFBC}") = "EZUtils.Localization.Extraction", "..\EZUtils.Localization.Extraction\EZUtils.Localization.Extraction.csproj", "{22D3461D-F819-434C-A339-86D5C67128E1}"
EndProject
Global
	GlobalSection(SolutionConfigurationPlatforms) = preSolution
		Debug|Any CPU = Debug|Any CPU
		Release|Any CPU = Release|Any CPU
	EndGlobalSection
	GlobalSection(SolutionProperties) = preSolution
		HideSolutionNode = FALSE
	EndGlobalSection
	GlobalSection(ProjectConfigurationPlatforms) = postSolution
		{541088E4-5162-43B7-8780-372364DA04A5}.Debug|Any CPU.ActiveCfg = Debug|Any CPU
		{541088E4-5162-43B7-8780-372364DA04A5}.Debug|Any CPU.Build.0 = Debug|Any CPU
		{541088E4-5162-43B7-8780-372364DA04A5}.Release|Any CPU.ActiveCfg = Release|Any CPU
		{541088E4-5162-43B7-8780-372364DA04A5}.Release|Any CPU.Build.0 = Release|Any CPU
		{CF10D493-A573-4C2A-BAFB-FEDB80E2FE23}.Debug|Any CPU.ActiveCfg = Debug|Any CPU
		{CF10D493-A573-4C2A-BAFB-FEDB80E2FE23}.Debug|Any CPU.Build.0 = Debug|Any CPU
		{CF10D493-A573-4C2A-BAFB-FEDB80E2FE23}.Release|Any CPU.ActiveCfg = Release|Any CPU
		{CF10D493-A573-4C2A-BAFB-FEDB80E2FE23}.Release|Any CPU.Build.0 = Release|Any CPU
		{9598EEF7-E8B8-4850-8E02-791BAA2AB72D}.Debug|Any CPU.ActiveCfg = Debug|Any CPU
		{9598EEF7-E8B8-4850-8E02-791BAA2AB72D}.Debug|Any CPU.Build.0 = Debug|Any CPU
		{9598EEF7-E8B8-4850-8E02-791BAA2AB72D}.Release|Any CPU.ActiveCfg = Release|Any CPU
		{9598EEF7-E8B8-4850-8E02-791BAA2AB72D}.Release|Any CPU.Build.0 = Release|Any CPU
		{3F664C1D-3AE2-49B9-B392-940507DA7C56}.Debug|Any CPU.ActiveCfg = Debug|Any CPU
		{3F664C1D-3AE2-49B9-B392-940507DA7C56}.Debug|Any CPU.Build.0 = Debug|Any CPU
		{3F664C1D-3AE2-49B9-B392-940507DA7C56}.Release|Any CPU.ActiveCfg = Release|Any CPU
		{3F664C1D-3AE2-49B9-B392-940507DA7C56}.Release|Any CPU.Build.0 = Release|Any CPU
		{F659C7FD-F6F3-40A5-A779-7E5A8B855F91}.Debug|Any CPU.ActiveCfg = Debug|Any CPU
		{F659C7FD-F6F3-40A5-A779-7E5A8B855F91}.Debug|Any CPU.Build.0 = Debug|Any CPU
		{F659C7FD-F6F3-40A5-A779-7E5A8B855F91}.Release|Any CPU.ActiveCfg = Release|Any CPU
		{F659C7FD-F6F3-40A5-A779-7E5A8B855F91}.Release|Any CPU.Build.0 = Release|Any CPU
		{15109EF4-C39F-41F9-95C3-2072C4A4AD1D}.Debug|Any CPU.ActiveCfg = Debug|Any CPU
		{15109EF4-C39F-41F9-95C3-2072C4A4AD1D}.Debug|Any CPU.Build.0 = Debug|Any CPU
		{15109EF4-C39F-41F9-95C3-2072C4A4AD1D}.Release|Any CPU.ActiveCfg = Release|Any CPU
		{15109EF4-C39F-41F9-95C3-2072C4A4AD1D}.Release|Any CPU.Build.0 = Release|Any CPU
		{49DEEFC1-AF56-4497-86E1-83C5797C1160}.Debug|Any CPU.ActiveCfg = Debug|Any CPU
		{49DEEFC1-AF56-4497-86E1-83C5797C1160}.Debug|Any CPU.Build.0 = Debug|Any CPU
		{49DEEFC1-AF56-4497-86E1-83C5797C1160}.Release|Any CPU.ActiveCfg = Release|Any CPU
		{49DEEFC1-AF56-4497-86E1-83C5797C1160}.Release|Any CPU.Build.0 = Release|Any CPU
		{665EBCEB-5FD9-492F-B27D-8FCC579E2AF9}.Debug|Any CPU.ActiveCfg = Debug|Any CPU
		{665EBCEB-5FD9-492F-B27D-8FCC579E2AF9}.Debug|Any CPU.Build.0 = Debug|Any CPU
		{665EBCEB-5FD9-492F-B27D-8FCC579E2AF9}.Release|Any CPU.ActiveCfg = Release|Any CPU
		{665EBCEB-5FD9-492F-B27D-8FCC579E2AF9}.Release|Any CPU.Build.0 = Release|Any CPU
		{BCA4CFCA-6BF7-4A3D-AF4A-00B9C9C413D3}.Debug|Any CPU.ActiveCfg = Debug|Any CPU
		{BCA4CFCA-6BF7-4A3D-AF4A-00B9C9C413D3}.Debug|Any CPU.Build.0 = Debug|Any CPU
		{BCA4CFCA-6BF7-4A3D-AF4A-00B9C9C413D3}.Release|Any CPU.ActiveCfg = Release|Any CPU
		{BCA4CFCA-6BF7-4A3D-AF4A-00B9C9C413D3}.Release|Any CPU.Build.0 = Release|Any CPU
		{E2A8B6D1-8B1C-47EA-B75A-87B6F241E332}.Debug|Any CPU.ActiveCfg = Debug|Any CPU
		{E2A8B6D1-8B1C-47EA-B75A-87B6F241E332}.Debug|Any CPU.Build.0 = Debug|Any CPU
		{E2A8B6D1-8B1C-47EA-B75A-87B6F241E332}.Release|Any CPU.ActiveCfg = Release|Any CPU
		{E2A8B6D1-8B1C-47EA-B75A-87B6F241E332}.Release|Any CPU.Build.0 = Release|Any CPU
		{22D3461D-F819-434C-A339-86D5C67128E1}.Debug|Any CPU.ActiveCfg = Debug|Any CPU
		{22D3461D-F819-434C-A339-86D5C67128E1}.Debug|Any CPU.Build.0 = Debug|Any CPU
		{22D3461D-F819-434C-A339-86D5C67128E1}.Release|Any CPU.ActiveCfg = Release|Any CPU
		{22D3461D-F819-434C-A339-86D5C67128E1}.Release|Any CPU.Build.0 = Release|Any CPU
	EndGlobalSection
EndGlobal
